
Microsoft Visual Studio Solution File, Format Version 12.00
# Visual Studio Version 17
VisualStudioVersion = 17.13.35825.156 d17.13
MinimumVisualStudioVersion = 10.0.40219.1
Project("{FAE04EC0-301F-11D3-BF4B-00C04F79EFBC}") = "Resturent.me", "Resturent.me.csproj", "{667C377E-7232-4B7C-9976-42690C226290}"
EndProject
Global
	GlobalSection(SolutionConfigurationPlatforms) = preSolution
		Debug|Any CPU = Debug|Any CPU
		Release|Any CPU = Release|Any CPU
	EndGlobalSection
	GlobalSection(ProjectConfigurationPlatforms) = postSolution
		{667C377E-7232-4B7C-9976-42690C226290}.Debug|Any CPU.ActiveCfg = Debug|Any CPU
		{667C377E-7232-4B7C-9976-42690C226290}.Debug|Any CPU.Build.0 = Debug|Any CPU
		{667C377E-7232-4B7C-9976-42690C226290}.Release|Any CPU.ActiveCfg = Release|Any CPU
		{667C377E-7232-4B7C-9976-42690C226290}.Release|Any CPU.Build.0 = Release|Any CPU
	EndGlobalSection
	GlobalSection(SolutionProperties) = preSolution
		HideSolutionNode = FALSE
	EndGlobalSection
	GlobalSection(ExtensibilityGlobals) = postSolution
		SolutionGuid = {9A19B6B1-18E3-46C8-AAB1-C3FA8EE3F69F}
	EndGlobalSection
EndGlobal
